
Microsoft Visual Studio Solution File, Format Version 12.00
# Visual Studio Version 16
VisualStudioVersion = 16.0.32228.343
MinimumVisualStudioVersion = 10.0.40219.1
Project("{8BC9CEB8-8B4A-11D0-8D11-00A0C91BC942}") = "zap_536_batalla_pokemon", "zap_536_batalla_pokemon.vcxproj", "{B47B265F-634E-4B69-9C0F-FDC6BDC62001}"
EndProject
Global
	GlobalSection(SolutionConfigurationPlatforms) = preSolution
		Debug|x64 = Debug|x64
		Debug|x86 = Debug|x86
		Release|x64 = Release|x64
		Release|x86 = Release|x86
	EndGlobalSection
	GlobalSection(ProjectConfigurationPlatforms) = postSolution
		{B47B265F-634E-4B69-9C0F-FDC6BDC62001}.Debug|x64.ActiveCfg = Debug|x64
		{B47B265F-634E-4B69-9C0F-FDC6BDC62001}.Debug|x64.Build.0 = Debug|x64
		{B47B265F-634E-4B69-9C0F-FDC6BDC62001}.Debug|x86.ActiveCfg = Debug|Win32
		{B47B265F-634E-4B69-9C0F-FDC6BDC62001}.Debug|x86.Build.0 = Debug|Win32
		{B47B265F-634E-4B69-9C0F-FDC6BDC62001}.Release|x64.ActiveCfg = Release|x64
		{B47B265F-634E-4B69-9C0F-FDC6BDC62001}.Release|x64.Build.0 = Release|x64
		{B47B265F-634E-4B69-9C0F-FDC6BDC62001}.Release|x86.ActiveCfg = Release|Win32
		{B47B265F-634E-4B69-9C0F-FDC6BDC62001}.Release|x86.Build.0 = Release|Win32
	EndGlobalSection
	GlobalSection(SolutionProperties) = preSolution
		HideSolutionNode = FALSE
	EndGlobalSection
	GlobalSection(ExtensibilityGlobals) = postSolution
		SolutionGuid = {E64F5C8B-44E7-47F7-9828-D64C89209603}
	EndGlobalSection
EndGlobal
